// !$*UTF8*$!
{
	archiveVersion = 1;
	classes = {
	};
	objectVersion = 51;
	objects = {

/* Begin PBXBuildFile section */
		08237379238024B1001BAE94 /* AppDelegate.swift in Sources */ = {isa = PBXBuildFile; fileRef = 08237378238024B0001BAE94 /* AppDelegate.swift */; };
		0823737B238024B1001BAE94 /* SceneDelegate.swift in Sources */ = {isa = PBXBuildFile; fileRef = 0823737A238024B1001BAE94 /* SceneDelegate.swift */; };
		08237380238024B1001BAE94 /* Main.storyboard in Resources */ = {isa = PBXBuildFile; fileRef = 0823737E238024B1001BAE94 /* Main.storyboard */; };
		08237382238024B3001BAE94 /* Assets.xcassets in Resources */ = {isa = PBXBuildFile; fileRef = 08237381238024B3001BAE94 /* Assets.xcassets */; };
		08237385238024B3001BAE94 /* LaunchScreen.storyboard in Resources */ = {isa = PBXBuildFile; fileRef = 08237383238024B3001BAE94 /* LaunchScreen.storyboard */; };
		0823739A238025B2001BAE94 /* Alamofire-SwiftyJSON.swift in Sources */ = {isa = PBXBuildFile; fileRef = 0823738F238025B2001BAE94 /* Alamofire-SwiftyJSON.swift */; };
		0823739C238025B2001BAE94 /* DataCell.swift in Sources */ = {isa = PBXBuildFile; fileRef = 08237393238025B2001BAE94 /* DataCell.swift */; };
		0823739D238025B2001BAE94 /* Constant.swift in Sources */ = {isa = PBXBuildFile; fileRef = 08237395238025B2001BAE94 /* Constant.swift */; };
		0823739E238025B2001BAE94 /* Functions.swift in Sources */ = {isa = PBXBuildFile; fileRef = 08237396238025B2001BAE94 /* Functions.swift */; };
		0823739F238025B2001BAE94 /* API.swift in Sources */ = {isa = PBXBuildFile; fileRef = 08237397238025B2001BAE94 /* API.swift */; };
		082373A0238025B2001BAE94 /* Extenstion.swift in Sources */ = {isa = PBXBuildFile; fileRef = 08237398238025B2001BAE94 /* Extenstion.swift */; };
		082373A1238025B2001BAE94 /* Preference.swift in Sources */ = {isa = PBXBuildFile; fileRef = 08237399238025B2001BAE94 /* Preference.swift */; };
		082373A3238026B0001BAE94 /* Heats.swift in Sources */ = {isa = PBXBuildFile; fileRef = 082373A2238026B0001BAE94 /* Heats.swift */; };
		082373A723802767001BAE94 /* HomeViewController.swift in Sources */ = {isa = PBXBuildFile; fileRef = 082373A623802767001BAE94 /* HomeViewController.swift */; };
		A10C6C5592AE736CF1D68200 /* Pods_DemoPagination.framework in Frameworks */ = {isa = PBXBuildFile; fileRef = F4CE4A011D82E9DCFD578AEB /* Pods_DemoPagination.framework */; };
/* End PBXBuildFile section */

/* Begin PBXFileReference section */
		08237375238024B0001BAE94 /* DemoPagination.app */ = {isa = PBXFileReference; explicitFileType = wrapper.application; includeInIndex = 0; path = DemoPagination.app; sourceTree = BUILT_PRODUCTS_DIR; };
		08237378238024B0001BAE94 /* AppDelegate.swift */ = {isa = PBXFileReference; lastKnownFileType = sourcecode.swift; path = AppDelegate.swift; sourceTree = "<group>"; };
		0823737A238024B1001BAE94 /* SceneDelegate.swift */ = {isa = PBXFileReference; lastKnownFileType = sourcecode.swift; path = SceneDelegate.swift; sourceTree = "<group>"; };
		0823737F238024B1001BAE94 /* Base */ = {isa = PBXFileReference; lastKnownFileType = file.storyboard; name = Base; path = Base.lproj/Main.storyboard; sourceTree = "<group>"; };
		08237381238024B3001BAE94 /* Assets.xcassets */ = {isa = PBXFileReference; lastKnownFileType = folder.assetcatalog; path = Assets.xcassets; sourceTree = "<group>"; };
		08237384238024B3001BAE94 /* Base */ = {isa = PBXFileReference; lastKnownFileType = file.storyboard; name = Base; path = Base.lproj/LaunchScreen.storyboard; sourceTree = "<group>"; };
		08237386238024B3001BAE94 /* Info.plist */ = {isa = PBXFileReference; lastKnownFileType = text.plist.xml; path = Info.plist; sourceTree = "<group>"; };
		0823738F238025B2001BAE94 /* Alamofire-SwiftyJSON.swift */ = {isa = PBXFileReference; fileEncoding = 4; lastKnownFileType = sourcecode.swift; path = "Alamofire-SwiftyJSON.swift"; sourceTree = "<group>"; };
		08237393238025B2001BAE94 /* DataCell.swift */ = {isa = PBXFileReference; fileEncoding = 4; lastKnownFileType = sourcecode.swift; path = DataCell.swift; sourceTree = "<group>"; };
		08237395238025B2001BAE94 /* Constant.swift */ = {isa = PBXFileReference; fileEncoding = 4; lastKnownFileType = sourcecode.swift; path = Constant.swift; sourceTree = "<group>"; };
		08237396238025B2001BAE94 /* Functions.swift */ = {isa = PBXFileReference; fileEncoding = 4; lastKnownFileType = sourcecode.swift; path = Functions.swift; sourceTree = "<group>"; };
		08237397238025B2001BAE94 /* API.swift */ = {isa = PBXFileReference; fileEncoding = 4; lastKnownFileType = sourcecode.swift; path = API.swift; sourceTree = "<group>"; };
		08237398238025B2001BAE94 /* Extenstion.swift */ = {isa = PBXFileReference; fileEncoding = 4; lastKnownFileType = sourcecode.swift; path = Extenstion.swift; sourceTree = "<group>"; };
		08237399238025B2001BAE94 /* Preference.swift */ = {isa = PBXFileReference; fileEncoding = 4; lastKnownFileType = sourcecode.swift; path = Preference.swift; sourceTree = "<group>"; };
		082373A2238026B0001BAE94 /* Heats.swift */ = {isa = PBXFileReference; fileEncoding = 4; lastKnownFileType = sourcecode.swift; path = Heats.swift; sourceTree = "<group>"; };
		082373A623802767001BAE94 /* HomeViewController.swift */ = {isa = PBXFileReference; lastKnownFileType = sourcecode.swift; path = HomeViewController.swift; sourceTree = "<group>"; };
		53D680AD335E4330B4797580 /* Pods-DemoPagination.release.xcconfig */ = {isa = PBXFileReference; includeInIndex = 1; lastKnownFileType = text.xcconfig; name = "Pods-DemoPagination.release.xcconfig"; path = "Target Support Files/Pods-DemoPagination/Pods-DemoPagination.release.xcconfig"; sourceTree = "<group>"; };
		97552BCEBB304CFC31BD51F8 /* Pods-DemoPagination.debug.xcconfig */ = {isa = PBXFileReference; includeInIndex = 1; lastKnownFileType = text.xcconfig; name = "Pods-DemoPagination.debug.xcconfig"; path = "Target Support Files/Pods-DemoPagination/Pods-DemoPagination.debug.xcconfig"; sourceTree = "<group>"; };
		F4CE4A011D82E9DCFD578AEB /* Pods_DemoPagination.framework */ = {isa = PBXFileReference; explicitFileType = wrapper.framework; includeInIndex = 0; path = Pods_DemoPagination.framework; sourceTree = BUILT_PRODUCTS_DIR; };
/* End PBXFileReference section */

/* Begin PBXFrameworksBuildPhase section */
		08237372238024B0001BAE94 /* Frameworks */ = {
			isa = PBXFrameworksBuildPhase;
			buildActionMask = 2147483647;
			files = (
				A10C6C5592AE736CF1D68200 /* Pods_DemoPagination.framework in Frameworks */,
			);
			runOnlyForDeploymentPostprocessing = 0;
		};
/* End PBXFrameworksBuildPhase section */

/* Begin PBXGroup section */
		0823736C238024B0001BAE94 = {
			isa = PBXGroup;
			children = (
				08237377238024B0001BAE94 /* DemoPagination */,
				08237376238024B0001BAE94 /* Products */,
				5FED5A4843EA4620369F9BFB /* Pods */,
				9F82B3C071A4F0F29F1D4E8C /* Frameworks */,
			);
			sourceTree = "<group>";
		};
		08237376238024B0001BAE94 /* Products */ = {
			isa = PBXGroup;
			children = (
				08237375238024B0001BAE94 /* DemoPagination.app */,
			);
			name = Products;
			sourceTree = "<group>";
		};
		08237377238024B0001BAE94 /* DemoPagination */ = {
			isa = PBXGroup;
			children = (
				0823738C238024D0001BAE94 /* AppDelegate */,
				0823738D238024E5001BAE94 /* UIElements */,
				0823738E238025B2001BAE94 /* HelperClasses */,
				08237394238025B2001BAE94 /* Universal */,
				08237390238025B2001BAE94 /* Models */,
				08237392238025B2001BAE94 /* Views */,
				082373A423802743001BAE94 /* Controllers */,
				08237381238024B3001BAE94 /* Assets.xcassets */,
				08237386238024B3001BAE94 /* Info.plist */,
			);
			path = DemoPagination;
			sourceTree = "<group>";
		};
		0823738C238024D0001BAE94 /* AppDelegate */ = {
			isa = PBXGroup;
			children = (
				08237378238024B0001BAE94 /* AppDelegate.swift */,
				0823737A238024B1001BAE94 /* SceneDelegate.swift */,
			);
			path = AppDelegate;
			sourceTree = "<group>";
		};
		0823738D238024E5001BAE94 /* UIElements */ = {
			isa = PBXGroup;
			children = (
				0823737E238024B1001BAE94 /* Main.storyboard */,
				08237383238024B3001BAE94 /* LaunchScreen.storyboard */,
			);
			path = UIElements;
			sourceTree = "<group>";
		};
		0823738E238025B2001BAE94 /* HelperClasses */ = {
			isa = PBXGroup;
			children = (
				0823738F238025B2001BAE94 /* Alamofire-SwiftyJSON.swift */,
			);
			path = HelperClasses;
			sourceTree = "<group>";
		};
		08237390238025B2001BAE94 /* Models */ = {
			isa = PBXGroup;
			children = (
				082373A2238026B0001BAE94 /* Heats.swift */,
			);
			path = Models;
			sourceTree = "<group>";
		};
		08237392238025B2001BAE94 /* Views */ = {
			isa = PBXGroup;
			children = (
				08237393238025B2001BAE94 /* DataCell.swift */,
			);
			path = Views;
			sourceTree = "<group>";
		};
		08237394238025B2001BAE94 /* Universal */ = {
			isa = PBXGroup;
			children = (
				08237395238025B2001BAE94 /* Constant.swift */,
				08237396238025B2001BAE94 /* Functions.swift */,
				08237397238025B2001BAE94 /* API.swift */,
				08237398238025B2001BAE94 /* Extenstion.swift */,
				08237399238025B2001BAE94 /* Preference.swift */,
			);
			path = Universal;
			sourceTree = "<group>";
		};
		082373A423802743001BAE94 /* Controllers */ = {
			isa = PBXGroup;
			children = (
				082373A52380275A001BAE94 /* Home */,
			);
			path = Controllers;
			sourceTree = "<group>";
		};
		082373A52380275A001BAE94 /* Home */ = {
			isa = PBXGroup;
			children = (
				082373A623802767001BAE94 /* HomeViewController.swift */,
			);
			path = Home;
			sourceTree = "<group>";
		};
		5FED5A4843EA4620369F9BFB /* Pods */ = {
			isa = PBXGroup;
			children = (
				97552BCEBB304CFC31BD51F8 /* Pods-DemoPagination.debug.xcconfig */,
				53D680AD335E4330B4797580 /* Pods-DemoPagination.release.xcconfig */,
			);
			path = Pods;
			sourceTree = "<group>";
		};
		9F82B3C071A4F0F29F1D4E8C /* Frameworks */ = {
			isa = PBXGroup;
			children = (
				F4CE4A011D82E9DCFD578AEB /* Pods_DemoPagination.framework */,
			);
			name = Frameworks;
			sourceTree = "<group>";
		};
/* End PBXGroup section */

/* Begin PBXNativeTarget section */
		08237374238024B0001BAE94 /* DemoPagination */ = {
			isa = PBXNativeTarget;
			buildConfigurationList = 08237389238024B3001BAE94 /* Build configuration list for PBXNativeTarget "DemoPagination" */;
			buildPhases = (
				2AF4F01B49427DB6B3D6606B /* [CP] Check Pods Manifest.lock */,
				08237371238024B0001BAE94 /* Sources */,
				08237372238024B0001BAE94 /* Frameworks */,
				08237373238024B0001BAE94 /* Resources */,
				F3DD6BF2585C57DE2A0A243B /* [CP] Embed Pods Frameworks */,
			);
			buildRules = (
			);
			dependencies = (
			);
			name = DemoPagination;
			productName = DemoPagination;
			productReference = 08237375238024B0001BAE94 /* DemoPagination.app */;
			productType = "com.apple.product-type.application";
		};
/* End PBXNativeTarget section */

/* Begin PBXProject section */
		0823736D238024B0001BAE94 /* Project object */ = {
			isa = PBXProject;
			attributes = {
				LastSwiftUpdateCheck = 1120;
				LastUpgradeCheck = 1120;
				TargetAttributes = {
					08237374238024B0001BAE94 = {
						CreatedOnToolsVersion = 11.2.1;
					};
				};
			};
			buildConfigurationList = 08237370238024B0001BAE94 /* Build configuration list for PBXProject "DemoPagination" */;
			compatibilityVersion = "Xcode 9.3";
			developmentRegion = en;
			hasScannedForEncodings = 0;
			knownRegions = (
				en,
				Base,
			);
			mainGroup = 0823736C238024B0001BAE94;
			productRefGroup = 08237376238024B0001BAE94 /* Products */;
			projectDirPath = "";
			projectRoot = "";
			targets = (
				08237374238024B0001BAE94 /* DemoPagination */,
			);
		};
/* End PBXProject section */

/* Begin PBXResourcesBuildPhase section */
		08237373238024B0001BAE94 /* Resources */ = {
			isa = PBXResourcesBuildPhase;
			buildActionMask = 2147483647;
			files = (
				08237385238024B3001BAE94 /* LaunchScreen.storyboard in Resources */,
				08237382238024B3001BAE94 /* Assets.xcassets in Resources */,
				08237380238024B1001BAE94 /* Main.storyboard in Resources */,
			);
			runOnlyForDeploymentPostprocessing = 0;
		};
/* End PBXResourcesBuildPhase section */

/* Begin PBXShellScriptBuildPhase section */
		2AF4F01B49427DB6B3D6606B /* [CP] Check Pods Manifest.lock */ = {
			isa = PBXShellScriptBuildPhase;
			buildActionMask = 2147483647;
			files = (
			);
			inputFileListPaths = (
			);
			inputPaths = (
				"${PODS_PODFILE_DIR_PATH}/Podfile.lock",
				"${PODS_ROOT}/Manifest.lock",
			);
			name = "[CP] Check Pods Manifest.lock";
			outputFileListPaths = (
			);
			outputPaths = (
				"$(DERIVED_FILE_DIR)/Pods-DemoPagination-checkManifestLockResult.txt",
			);
			runOnlyForDeploymentPostprocessing = 0;
			shellPath = /bin/sh;
			shellScript = "diff \"${PODS_PODFILE_DIR_PATH}/Podfile.lock\" \"${PODS_ROOT}/Manifest.lock\" > /dev/null\nif [ $? != 0 ] ; then\n    # print error to STDERR\n    echo \"error: The sandbox is not in sync with the Podfile.lock. Run 'pod install' or update your CocoaPods installation.\" >&2\n    exit 1\nfi\n# This output is used by Xcode 'outputs' to avoid re-running this script phase.\necho \"SUCCESS\" > \"${SCRIPT_OUTPUT_FILE_0}\"\n";
			showEnvVarsInLog = 0;
		};
		F3DD6BF2585C57DE2A0A243B /* [CP] Embed Pods Frameworks */ = {
			isa = PBXShellScriptBuildPhase;
			buildActionMask = 2147483647;
			files = (
			);
			inputFileListPaths = (
				"${PODS_ROOT}/Target Support Files/Pods-DemoPagination/Pods-DemoPagination-frameworks-${CONFIGURATION}-input-files.xcfilelist",
			);
			name = "[CP] Embed Pods Frameworks";
			outputFileListPaths = (
				"${PODS_ROOT}/Target Support Files/Pods-DemoPagination/Pods-DemoPagination-frameworks-${CONFIGURATION}-output-files.xcfilelist",
			);
			runOnlyForDeploymentPostprocessing = 0;
			shellPath = /bin/sh;
			shellScript = "\"${PODS_ROOT}/Target Support Files/Pods-DemoPagination/Pods-DemoPagination-frameworks.sh\"\n";
			showEnvVarsInLog = 0;
		};
/* End PBXShellScriptBuildPhase section */

/* Begin PBXSourcesBuildPhase section */
		08237371238024B0001BAE94 /* Sources */ = {
			isa = PBXSourcesBuildPhase;
			buildActionMask = 2147483647;
			files = (
				082373A1238025B2001BAE94 /* Preference.swift in Sources */,
				08237379238024B1001BAE94 /* AppDelegate.swift in Sources */,
				0823739A238025B2001BAE94 /* Alamofire-SwiftyJSON.swift in Sources */,
				0823739E238025B2001BAE94 /* Functions.swift in Sources */,
				0823739C238025B2001BAE94 /* DataCell.swift in Sources */,
				082373A3238026B0001BAE94 /* Heats.swift in Sources */,
				0823737B238024B1001BAE94 /* SceneDelegate.swift in Sources */,
				082373A723802767001BAE94 /* HomeViewController.swift in Sources */,
				082373A0238025B2001BAE94 /* Extenstion.swift in Sources */,
				0823739F238025B2001BAE94 /* API.swift in Sources */,
				0823739D238025B2001BAE94 /* Constant.swift in Sources */,
			);
			runOnlyForDeploymentPostprocessing = 0;
		};
/* End PBXSourcesBuildPhase section */

/* Begin PBXVariantGroup section */
		0823737E238024B1001BAE94 /* Main.storyboard */ = {
			isa = PBXVariantGroup;
			children = (
				0823737F238024B1001BAE94 /* Base */,
			);
			name = Main.storyboard;
			sourceTree = "<group>";
		};
		08237383238024B3001BAE94 /* LaunchScreen.storyboard */ = {
			isa = PBXVariantGroup;
			children = (
				08237384238024B3001BAE94 /* Base */,
			);
			name = LaunchScreen.storyboard;
			sourceTree = "<group>";
		};
/* End PBXVariantGroup section */

/* Begin XCBuildConfiguration section */
		08237387238024B3001BAE94 /* Debug */ = {
			isa = XCBuildConfiguration;
			buildSettings = {
				ALWAYS_SEARCH_USER_PATHS = NO;
				CLANG_ANALYZER_NONNULL = YES;
				CLANG_ANALYZER_NUMBER_OBJECT_CONVERSION = YES_AGGRESSIVE;
				CLANG_CXX_LANGUAGE_STANDARD = "gnu++14";
				CLANG_CXX_LIBRARY = "libc++";
				CLANG_ENABLE_MODULES = YES;
				CLANG_ENABLE_OBJC_ARC = YES;
				CLANG_ENABLE_OBJC_WEAK = YES;
				CLANG_WARN_BLOCK_CAPTURE_AUTORELEASING = YES;
				CLANG_WARN_BOOL_CONVERSION = YES;
				CLANG_WARN_COMMA = YES;
				CLANG_WARN_CONSTANT_CONVERSION = YES;
				CLANG_WARN_DEPRECATED_OBJC_IMPLEMENTATIONS = YES;
				CLANG_WARN_DIRECT_OBJC_ISA_USAGE = YES_ERROR;
				CLANG_WARN_DOCUMENTATION_COMMENTS = YES;
				CLANG_WARN_EMPTY_BODY = YES;
				CLANG_WARN_ENUM_CONVERSION = YES;
				CLANG_WARN_INFINITE_RECURSION = YES;
				CLANG_WARN_INT_CONVERSION = YES;
				CLANG_WARN_NON_LITERAL_NULL_CONVERSION = YES;
				CLANG_WARN_OBJC_IMPLICIT_RETAIN_SELF = YES;
				CLANG_WARN_OBJC_LITERAL_CONVERSION = YES;
				CLANG_WARN_OBJC_ROOT_CLASS = YES_ERROR;
				CLANG_WARN_RANGE_LOOP_ANALYSIS = YES;
				CLANG_WARN_STRICT_PROTOTYPES = YES;
				CLANG_WARN_SUSPICIOUS_MOVE = YES;
				CLANG_WARN_UNGUARDED_AVAILABILITY = YES_AGGRESSIVE;
				CLANG_WARN_UNREACHABLE_CODE = YES;
				CLANG_WARN__DUPLICATE_METHOD_MATCH = YES;
				COPY_PHASE_STRIP = NO;
				DEBUG_INFORMATION_FORMAT = dwarf;
				ENABLE_STRICT_OBJC_MSGSEND = YES;
				ENABLE_TESTABILITY = YES;
				GCC_C_LANGUAGE_STANDARD = gnu11;
				GCC_DYNAMIC_NO_PIC = NO;
				GCC_NO_COMMON_BLOCKS = YES;
				GCC_OPTIMIZATION_LEVEL = 0;
				GCC_PREPROCESSOR_DEFINITIONS = (
					"DEBUG=1",
					"$(inherited)",
				);
				GCC_WARN_64_TO_32_BIT_CONVERSION = YES;
				GCC_WARN_ABOUT_RETURN_TYPE = YES_ERROR;
				GCC_WARN_UNDECLARED_SELECTOR = YES;
				GCC_WARN_UNINITIALIZED_AUTOS = YES_AGGRESSIVE;
				GCC_WARN_UNUSED_FUNCTION = YES;
				GCC_WARN_UNUSED_VARIABLE = YES;
				IPHONEOS_DEPLOYMENT_TARGET = 13.2;
				MTL_ENABLE_DEBUG_INFO = INCLUDE_SOURCE;
				MTL_FAST_MATH = YES;
				ONLY_ACTIVE_ARCH = YES;
				SDKROOT = iphoneos;
				SWIFT_ACTIVE_COMPILATION_CONDITIONS = DEBUG;
				SWIFT_OPTIMIZATION_LEVEL = "-Onone";
			};
			name = Debug;
		};
		08237388238024B3001BAE94 /* Release */ = {
			isa = XCBuildConfiguration;
			buildSettings = {
				ALWAYS_SEARCH_USER_PATHS = NO;
				CLANG_ANALYZER_NONNULL = YES;
				CLANG_ANALYZER_NUMBER_OBJECT_CONVERSION = YES_AGGRESSIVE;
				CLANG_CXX_LANGUAGE_STANDARD = "gnu++14";
				CLANG_CXX_LIBRARY = "libc++";
				CLANG_ENABLE_MODULES = YES;
				CLANG_ENABLE_OBJC_ARC = YES;
				CLANG_ENABLE_OBJC_WEAK = YES;
				CLANG_WARN_BLOCK_CAPTURE_AUTORELEASING = YES;
				CLANG_WARN_BOOL_CONVERSION = YES;
				CLANG_WARN_COMMA = YES;
				CLANG_WARN_CONSTANT_CONVERSION = YES;
				CLANG_WARN_DEPRECATED_OBJC_IMPLEMENTATIONS = YES;
				CLANG_WARN_DIRECT_OBJC_ISA_USAGE = YES_ERROR;
				CLANG_WARN_DOCUMENTATION_COMMENTS = YES;
				CLANG_WARN_EMPTY_BODY = YES;
				CLANG_WARN_ENUM_CONVERSION = YES;
				CLANG_WARN_INFINITE_RECURSION = YES;
				CLANG_WARN_INT_CONVERSION = YES;
				CLANG_WARN_NON_LITERAL_NULL_CONVERSION = YES;
				CLANG_WARN_OBJC_IMPLICIT_RETAIN_SELF = YES;
				CLANG_WARN_OBJC_LITERAL_CONVERSION = YES;
				CLANG_WARN_OBJC_ROOT_CLASS = YES_ERROR;
				CLANG_WARN_RANGE_LOOP_ANALYSIS = YES;
				CLANG_WARN_STRICT_PROTOTYPES = YES;
				CLANG_WARN_SUSPICIOUS_MOVE = YES;
				CLANG_WARN_UNGUARDED_AVAILABILITY = YES_AGGRESSIVE;
				CLANG_WARN_UNREACHABLE_CODE = YES;
				CLANG_WARN__DUPLICATE_METHOD_MATCH = YES;
				COPY_PHASE_STRIP = NO;
				DEBUG_INFORMATION_FORMAT = "dwarf-with-dsym";
				ENABLE_NS_ASSERTIONS = NO;
				ENABLE_STRICT_OBJC_MSGSEND = YES;
				GCC_C_LANGUAGE_STANDARD = gnu11;
				GCC_NO_COMMON_BLOCKS = YES;
				GCC_WARN_64_TO_32_BIT_CONVERSION = YES;
				GCC_WARN_ABOUT_RETURN_TYPE = YES_ERROR;
				GCC_WARN_UNDECLARED_SELECTOR = YES;
				GCC_WARN_UNINITIALIZED_AUTOS = YES_AGGRESSIVE;
				GCC_WARN_UNUSED_FUNCTION = YES;
				GCC_WARN_UNUSED_VARIABLE = YES;
				IPHONEOS_DEPLOYMENT_TARGET = 13.2;
				MTL_ENABLE_DEBUG_INFO = NO;
				MTL_FAST_MATH = YES;
				SDKROOT = iphoneos;
				SWIFT_COMPILATION_MODE = wholemodule;
				SWIFT_OPTIMIZATION_LEVEL = "-O";
				VALIDATE_PRODUCT = YES;
			};
			name = Release;
		};
		0823738A238024B3001BAE94 /* Debug */ = {
			isa = XCBuildConfiguration;
			baseConfigurationReference = 97552BCEBB304CFC31BD51F8 /* Pods-DemoPagination.debug.xcconfig */;
			buildSettings = {
				ASSETCATALOG_COMPILER_APPICON_NAME = AppIcon;
				CODE_SIGN_STYLE = Automatic;
				INFOPLIST_FILE = DemoPagination/Info.plist;
				IPHONEOS_DEPLOYMENT_TARGET = 13.0;
				LD_RUNPATH_SEARCH_PATHS = (
					"$(inherited)",
					"@executable_path/Frameworks",
				);
				PRODUCT_BUNDLE_IDENTIFIER = com.DemoPagination;
				PRODUCT_NAME = "$(TARGET_NAME)";
				SWIFT_VERSION = 5.0;
				TARGETED_DEVICE_FAMILY = "1,2";
			};
			name = Debug;
		};
		0823738B238024B3001BAE94 /* Release */ = {
			isa = XCBuildConfiguration;
			baseConfigurationReference = 53D680AD335E4330B4797580 /* Pods-DemoPagination.release.xcconfig */;
			buildSettings = {
				ASSETCATALOG_COMPILER_APPICON_NAME = AppIcon;
				CODE_SIGN_STYLE = Automatic;
				INFOPLIST_FILE = DemoPagination/Info.plist;
				IPHONEOS_DEPLOYMENT_TARGET = 13.0;
				LD_RUNPATH_SEARCH_PATHS = (
					"$(inherited)",
					"@executable_path/Frameworks",
				);
				PRODUCT_BUNDLE_IDENTIFIER = com.DemoPagination;
				PRODUCT_NAME = "$(TARGET_NAME)";
				SWIFT_VERSION = 5.0;
				TARGETED_DEVICE_FAMILY = "1,2";
			};
			name = Release;
		};
/* End XCBuildConfiguration section */

/* Begin XCConfigurationList section */
		08237370238024B0001BAE94 /* Build configuration list for PBXProject "DemoPagination" */ = {
			isa = XCConfigurationList;
			buildConfigurations = (
				08237387238024B3001BAE94 /* Debug */,
				08237388238024B3001BAE94 /* Release */,
			);
			defaultConfigurationIsVisible = 0;
			defaultConfigurationName = Release;
		};
		08237389238024B3001BAE94 /* Build configuration list for PBXNativeTarget "DemoPagination" */ = {
			isa = XCConfigurationList;
			buildConfigurations = (
				0823738A238024B3001BAE94 /* Debug */,
				0823738B238024B3001BAE94 /* Release */,
			);
			defaultConfigurationIsVisible = 0;
			defaultConfigurationName = Release;
		};
/* End XCConfigurationList section */
	};
	rootObject = 0823736D238024B0001BAE94 /* Project object */;
}
